
Microsoft Visual Studio Solution File, Format Version 12.00
# Visual Studio Version 16
VisualStudioVersion = 16.0.30907.101
MinimumVisualStudioVersion = 10.0.40219.1
Project("{FAE04EC0-301F-11D3-BF4B-00C04F79EFBC}") = "Lecture6", "Lecture6\Lecture6.csproj", "{54F087C5-5CAD-4A49-975E-AEC3DE1864AB}"
EndProject
Global
	GlobalSection(SolutionConfigurationPlatforms) = preSolution
		Debug|Any CPU = Debug|Any CPU
		Release|Any CPU = Release|Any CPU
	EndGlobalSection
	GlobalSection(ProjectConfigurationPlatforms) = postSolution
		{54F087C5-5CAD-4A49-975E-AEC3DE1864AB}.Debug|Any CPU.ActiveCfg = Debug|Any CPU
		{54F087C5-5CAD-4A49-975E-AEC3DE1864AB}.Debug|Any CPU.Build.0 = Debug|Any CPU
		{54F087C5-5CAD-4A49-975E-AEC3DE1864AB}.Release|Any CPU.ActiveCfg = Release|Any CPU
		{54F087C5-5CAD-4A49-975E-AEC3DE1864AB}.Release|Any CPU.Build.0 = Release|Any CPU
	EndGlobalSection
	GlobalSection(SolutionProperties) = preSolution
		HideSolutionNode = FALSE
	EndGlobalSection
	GlobalSection(ExtensibilityGlobals) = postSolution
		SolutionGuid = {3309AF1F-8602-4F3C-9481-454E4ABBE140}
	EndGlobalSection
EndGlobal
